
Microsoft Visual Studio Solution File, Format Version 12.00
# Visual Studio Version 16
VisualStudioVersion = 16.0.30406.217
MinimumVisualStudioVersion = 10.0.40219.1
Project("{FAE04EC0-301F-11D3-BF4B-00C04F79EFBC}") = "Encore", "Encore\Encore.csproj", "{A6487A9A-E239-49C9-AD7F-AEE0938A9105}"
EndProject
Global
	GlobalSection(SolutionConfigurationPlatforms) = preSolution
		Debug|Any CPU = Debug|Any CPU
		Release|Any CPU = Release|Any CPU
	EndGlobalSection
	GlobalSection(ProjectConfigurationPlatforms) = postSolution
		{A6487A9A-E239-49C9-AD7F-AEE0938A9105}.Debug|Any CPU.ActiveCfg = Debug|Any CPU
		{A6487A9A-E239-49C9-AD7F-AEE0938A9105}.Debug|Any CPU.Build.0 = Debug|Any CPU
		{A6487A9A-E239-49C9-AD7F-AEE0938A9105}.Release|Any CPU.ActiveCfg = Release|Any CPU
		{A6487A9A-E239-49C9-AD7F-AEE0938A9105}.Release|Any CPU.Build.0 = Release|Any CPU
	EndGlobalSection
	GlobalSection(SolutionProperties) = preSolution
		HideSolutionNode = FALSE
	EndGlobalSection
	GlobalSection(ExtensibilityGlobals) = postSolution
		SolutionGuid = {C1D53E26-779F-402D-98C1-F2106619F643}
	EndGlobalSection
EndGlobal
